// !$*UTF8*$!
{
	archiveVersion = 1;
	classes = {
	};
	objectVersion = 56;
	objects = {

/* Begin PBXBuildFile section */
		529E66942BA324AC006B2B31 /* CueLightShow.framework in Frameworks */ = {isa = PBXBuildFile; fileRef = 529E668F2BA321E6006B2B31 /* CueLightShow.framework */; };
		529E66952BA324AC006B2B31 /* CueLightShow.framework in Embed Frameworks */ = {isa = PBXBuildFile; fileRef = 529E668F2BA321E6006B2B31 /* CueLightShow.framework */; settings = {ATTRIBUTES = (CodeSignOnCopy, RemoveHeadersOnCopy, ); }; };
		52E0F4D72B837FA8006E8826 /* AppDelegate.swift in Sources */ = {isa = PBXBuildFile; fileRef = 52E0F4D62B837FA8006E8826 /* AppDelegate.swift */; };
		52E0F4D92B837FA8006E8826 /* SceneDelegate.swift in Sources */ = {isa = PBXBuildFile; fileRef = 52E0F4D82B837FA8006E8826 /* SceneDelegate.swift */; };
		52E0F4DB2B837FA8006E8826 /* ViewController.swift in Sources */ = {isa = PBXBuildFile; fileRef = 52E0F4DA2B837FA8006E8826 /* ViewController.swift */; };
		52E0F4DE2B837FA9006E8826 /* Main.storyboard in Resources */ = {isa = PBXBuildFile; fileRef = 52E0F4DC2B837FA9006E8826 /* Main.storyboard */; };
		52E0F4E02B837FAE006E8826 /* Assets.xcassets in Resources */ = {isa = PBXBuildFile; fileRef = 52E0F4DF2B837FAE006E8826 /* Assets.xcassets */; };
		52E0F4E32B837FAE006E8826 /* LaunchScreen.storyboard in Resources */ = {isa = PBXBuildFile; fileRef = 52E0F4E12B837FAE006E8826 /* LaunchScreen.storyboard */; };
/* End PBXBuildFile section */

/* Begin PBXContainerItemProxy section */
		529E668E2BA321E6006B2B31 /* PBXContainerItemProxy */ = {
			isa = PBXContainerItemProxy;
			containerPortal = 529E668A2BA321E6006B2B31 /* CueLightShow.xcodeproj */;
			proxyType = 2;
			remoteGlobalIDString = 81F5A94E2A0124E00059B694;
			remoteInfo = CueLightShow;
		};
/* End PBXContainerItemProxy section */

/* Begin PBXCopyFilesBuildPhase section */
		529E66962BA324AC006B2B31 /* Embed Frameworks */ = {
			isa = PBXCopyFilesBuildPhase;
			buildActionMask = 2147483647;
			dstPath = "";
			dstSubfolderSpec = 10;
			files = (
				529E66952BA324AC006B2B31 /* CueLightShow.framework in Embed Frameworks */,
			);
			name = "Embed Frameworks";
			runOnlyForDeploymentPostprocessing = 0;
		};
/* End PBXCopyFilesBuildPhase section */

/* Begin PBXFileReference section */
		529E668A2BA321E6006B2B31 /* CueLightShow.xcodeproj */ = {isa = PBXFileReference; lastKnownFileType = "wrapper.pb-project"; name = CueLightShow.xcodeproj; path = ../CueLightShow.xcodeproj; sourceTree = "<group>"; };
		52E0F4D32B837FA8006E8826 /* SDKConsumer.app */ = {isa = PBXFileReference; explicitFileType = wrapper.application; includeInIndex = 0; path = SDKConsumer.app; sourceTree = BUILT_PRODUCTS_DIR; };
		52E0F4D62B837FA8006E8826 /* AppDelegate.swift */ = {isa = PBXFileReference; lastKnownFileType = sourcecode.swift; path = AppDelegate.swift; sourceTree = "<group>"; };
		52E0F4D82B837FA8006E8826 /* SceneDelegate.swift */ = {isa = PBXFileReference; lastKnownFileType = sourcecode.swift; path = SceneDelegate.swift; sourceTree = "<group>"; };
		52E0F4DA2B837FA8006E8826 /* ViewController.swift */ = {isa = PBXFileReference; lastKnownFileType = sourcecode.swift; path = ViewController.swift; sourceTree = "<group>"; };
		52E0F4DD2B837FA9006E8826 /* Base */ = {isa = PBXFileReference; lastKnownFileType = file.storyboard; name = Base; path = Base.lproj/Main.storyboard; sourceTree = "<group>"; };
		52E0F4DF2B837FAE006E8826 /* Assets.xcassets */ = {isa = PBXFileReference; lastKnownFileType = folder.assetcatalog; path = Assets.xcassets; sourceTree = "<group>"; };
		52E0F4E22B837FAE006E8826 /* Base */ = {isa = PBXFileReference; lastKnownFileType = file.storyboard; name = Base; path = Base.lproj/LaunchScreen.storyboard; sourceTree = "<group>"; };
		52E0F4E42B837FAE006E8826 /* Info.plist */ = {isa = PBXFileReference; lastKnownFileType = text.plist.xml; path = Info.plist; sourceTree = "<group>"; };
/* End PBXFileReference section */

/* Begin PBXFrameworksBuildPhase section */
		52E0F4D02B837FA8006E8826 /* Frameworks */ = {
			isa = PBXFrameworksBuildPhase;
			buildActionMask = 2147483647;
			files = (
				529E66942BA324AC006B2B31 /* CueLightShow.framework in Frameworks */,
			);
			runOnlyForDeploymentPostprocessing = 0;
		};
/* End PBXFrameworksBuildPhase section */

/* Begin PBXGroup section */
		529E668B2BA321E6006B2B31 /* Products */ = {
			isa = PBXGroup;
			children = (
				529E668F2BA321E6006B2B31 /* CueLightShow.framework */,
			);
			name = Products;
			sourceTree = "<group>";
		};
		52E0F4CA2B837FA8006E8826 = {
			isa = PBXGroup;
			children = (
				529E668A2BA321E6006B2B31 /* CueLightShow.xcodeproj */,
				52E0F4D52B837FA8006E8826 /* SDKConsumer */,
				52E0F4D42B837FA8006E8826 /* Products */,
				52E0F4F02B838182006E8826 /* Frameworks */,
			);
			sourceTree = "<group>";
		};
		52E0F4D42B837FA8006E8826 /* Products */ = {
			isa = PBXGroup;
			children = (
				52E0F4D32B837FA8006E8826 /* SDKConsumer.app */,
			);
			name = Products;
			sourceTree = "<group>";
		};
		52E0F4D52B837FA8006E8826 /* SDKConsumer */ = {
			isa = PBXGroup;
			children = (
				52E0F4D62B837FA8006E8826 /* AppDelegate.swift */,
				52E0F4D82B837FA8006E8826 /* SceneDelegate.swift */,
				52E0F4DA2B837FA8006E8826 /* ViewController.swift */,
				52E0F4DC2B837FA9006E8826 /* Main.storyboard */,
				52E0F4DF2B837FAE006E8826 /* Assets.xcassets */,
				52E0F4E12B837FAE006E8826 /* LaunchScreen.storyboard */,
				52E0F4E42B837FAE006E8826 /* Info.plist */,
			);
			path = SDKConsumer;
			sourceTree = "<group>";
		};
		52E0F4F02B838182006E8826 /* Frameworks */ = {
			isa = PBXGroup;
			children = (
			);
			name = Frameworks;
			sourceTree = "<group>";
		};
/* End PBXGroup section */

/* Begin PBXNativeTarget section */
		52E0F4D22B837FA8006E8826 /* SDKConsumer */ = {
			isa = PBXNativeTarget;
			buildConfigurationList = 52E0F4E72B837FAE006E8826 /* Build configuration list for PBXNativeTarget "SDKConsumer" */;
			buildPhases = (
				52E0F4CF2B837FA8006E8826 /* Sources */,
				52E0F4D02B837FA8006E8826 /* Frameworks */,
				52E0F4D12B837FA8006E8826 /* Resources */,
				529E66962BA324AC006B2B31 /* Embed Frameworks */,
			);
			buildRules = (
			);
			dependencies = (
			);
			name = SDKConsumer;
			productName = SDKConsumer;
			productReference = 52E0F4D32B837FA8006E8826 /* SDKConsumer.app */;
			productType = "com.apple.product-type.application";
		};
/* End PBXNativeTarget section */

/* Begin PBXProject section */
		52E0F4CB2B837FA8006E8826 /* Project object */ = {
			isa = PBXProject;
			attributes = {
				BuildIndependentTargetsInParallel = 1;
				LastSwiftUpdateCheck = 1520;
				LastUpgradeCheck = 1520;
				TargetAttributes = {
					52E0F4D22B837FA8006E8826 = {
						CreatedOnToolsVersion = 15.2;
					};
				};
			};
			buildConfigurationList = 52E0F4CE2B837FA8006E8826 /* Build configuration list for PBXProject "SDKConsumer" */;
			compatibilityVersion = "Xcode 14.0";
			developmentRegion = en;
			hasScannedForEncodings = 0;
			knownRegions = (
				en,
				Base,
			);
			mainGroup = 52E0F4CA2B837FA8006E8826;
			productRefGroup = 52E0F4D42B837FA8006E8826 /* Products */;
			projectDirPath = "";
			projectReferences = (
				{
					ProductGroup = 529E668B2BA321E6006B2B31 /* Products */;
					ProjectRef = 529E668A2BA321E6006B2B31 /* CueLightShow.xcodeproj */;
				},
			);
			projectRoot = "";
			targets = (
				52E0F4D22B837FA8006E8826 /* SDKConsumer */,
			);
		};
/* End PBXProject section */

/* Begin PBXReferenceProxy section */
		529E668F2BA321E6006B2B31 /* CueLightShow.framework */ = {
			isa = PBXReferenceProxy;
			fileType = wrapper.framework;
			path = CueLightShow.framework;
			remoteRef = 529E668E2BA321E6006B2B31 /* PBXContainerItemProxy */;
			sourceTree = BUILT_PRODUCTS_DIR;
		};
/* End PBXReferenceProxy section */

/* Begin PBXResourcesBuildPhase section */
		52E0F4D12B837FA8006E8826 /* Resources */ = {
			isa = PBXResourcesBuildPhase;
			buildActionMask = 2147483647;
			files = (
				52E0F4E32B837FAE006E8826 /* LaunchScreen.storyboard in Resources */,
				52E0F4E02B837FAE006E8826 /* Assets.xcassets in Resources */,
				52E0F4DE2B837FA9006E8826 /* Main.storyboard in Resources */,
			);
			runOnlyForDeploymentPostprocessing = 0;
		};
/* End PBXResourcesBuildPhase section */

/* Begin PBXSourcesBuildPhase section */
		52E0F4CF2B837FA8006E8826 /* Sources */ = {
			isa = PBXSourcesBuildPhase;
			buildActionMask = 2147483647;
			files = (
				52E0F4DB2B837FA8006E8826 /* ViewController.swift in Sources */,
				52E0F4D72B837FA8006E8826 /* AppDelegate.swift in Sources */,
				52E0F4D92B837FA8006E8826 /* SceneDelegate.swift in Sources */,
			);
			runOnlyForDeploymentPostprocessing = 0;
		};
/* End PBXSourcesBuildPhase section */

/* Begin PBXVariantGroup section */
		52E0F4DC2B837FA9006E8826 /* Main.storyboard */ = {
			isa = PBXVariantGroup;
			children = (
				52E0F4DD2B837FA9006E8826 /* Base */,
			);
			name = Main.storyboard;
			sourceTree = "<group>";
		};
		52E0F4E12B837FAE006E8826 /* LaunchScreen.storyboard */ = {
			isa = PBXVariantGroup;
			children = (
				52E0F4E22B837FAE006E8826 /* Base */,
			);
			name = LaunchScreen.storyboard;
			sourceTree = "<group>";
		};
/* End PBXVariantGroup section */

/* Begin XCBuildConfiguration section */
		52E0F4E52B837FAE006E8826 /* Debug */ = {
			isa = XCBuildConfiguration;
			buildSettings = {
				ALWAYS_SEARCH_USER_PATHS = NO;
				ASSETCATALOG_COMPILER_GENERATE_SWIFT_ASSET_SYMBOL_EXTENSIONS = YES;
				CLANG_ANALYZER_NONNULL = YES;
				CLANG_ANALYZER_NUMBER_OBJECT_CONVERSION = YES_AGGRESSIVE;
				CLANG_CXX_LANGUAGE_STANDARD = "gnu++20";
				CLANG_ENABLE_MODULES = YES;
				CLANG_ENABLE_OBJC_ARC = YES;
				CLANG_ENABLE_OBJC_WEAK = YES;
				CLANG_WARN_BLOCK_CAPTURE_AUTORELEASING = YES;
				CLANG_WARN_BOOL_CONVERSION = YES;
				CLANG_WARN_COMMA = YES;
				CLANG_WARN_CONSTANT_CONVERSION = YES;
				CLANG_WARN_DEPRECATED_OBJC_IMPLEMENTATIONS = YES;
				CLANG_WARN_DIRECT_OBJC_ISA_USAGE = YES_ERROR;
				CLANG_WARN_DOCUMENTATION_COMMENTS = YES;
				CLANG_WARN_EMPTY_BODY = YES;
				CLANG_WARN_ENUM_CONVERSION = YES;
				CLANG_WARN_INFINITE_RECURSION = YES;
				CLANG_WARN_INT_CONVERSION = YES;
				CLANG_WARN_NON_LITERAL_NULL_CONVERSION = YES;
				CLANG_WARN_OBJC_IMPLICIT_RETAIN_SELF = YES;
				CLANG_WARN_OBJC_LITERAL_CONVERSION = YES;
				CLANG_WARN_OBJC_ROOT_CLASS = YES_ERROR;
				CLANG_WARN_QUOTED_INCLUDE_IN_FRAMEWORK_HEADER = YES;
				CLANG_WARN_RANGE_LOOP_ANALYSIS = YES;
				CLANG_WARN_STRICT_PROTOTYPES = YES;
				CLANG_WARN_SUSPICIOUS_MOVE = YES;
				CLANG_WARN_UNGUARDED_AVAILABILITY = YES_AGGRESSIVE;
				CLANG_WARN_UNREACHABLE_CODE = YES;
				CLANG_WARN__DUPLICATE_METHOD_MATCH = YES;
				COPY_PHASE_STRIP = NO;
				DEBUG_INFORMATION_FORMAT = dwarf;
				ENABLE_STRICT_OBJC_MSGSEND = YES;
				ENABLE_TESTABILITY = YES;
				ENABLE_USER_SCRIPT_SANDBOXING = YES;
				GCC_C_LANGUAGE_STANDARD = gnu17;
				GCC_DYNAMIC_NO_PIC = NO;
				GCC_NO_COMMON_BLOCKS = YES;
				GCC_OPTIMIZATION_LEVEL = 0;
				GCC_PREPROCESSOR_DEFINITIONS = (
					"DEBUG=1",
					"$(inherited)",
				);
				GCC_WARN_64_TO_32_BIT_CONVERSION = YES;
				GCC_WARN_ABOUT_RETURN_TYPE = YES_ERROR;
				GCC_WARN_UNDECLARED_SELECTOR = YES;
				GCC_WARN_UNINITIALIZED_AUTOS = YES_AGGRESSIVE;
				GCC_WARN_UNUSED_FUNCTION = YES;
				GCC_WARN_UNUSED_VARIABLE = YES;
				IPHONEOS_DEPLOYMENT_TARGET = 13.0;
				LOCALIZATION_PREFERS_STRING_CATALOGS = YES;
				MTL_ENABLE_DEBUG_INFO = INCLUDE_SOURCE;
				MTL_FAST_MATH = YES;
				ONLY_ACTIVE_ARCH = YES;
				SDKROOT = iphoneos;
				SWIFT_ACTIVE_COMPILATION_CONDITIONS = "DEBUG $(inherited)";
				SWIFT_OBJC_BRIDGING_HEADER = "";
				SWIFT_OPTIMIZATION_LEVEL = "-Onone";
				VERSION = 1.0.0;
			};
			name = Debug;
		};
		52E0F4E62B837FAE006E8826 /* Release */ = {
			isa = XCBuildConfiguration;
			buildSettings = {
				ALWAYS_SEARCH_USER_PATHS = NO;
				ASSETCATALOG_COMPILER_GENERATE_SWIFT_ASSET_SYMBOL_EXTENSIONS = YES;
				CLANG_ANALYZER_NONNULL = YES;
				CLANG_ANALYZER_NUMBER_OBJECT_CONVERSION = YES_AGGRESSIVE;
				CLANG_CXX_LANGUAGE_STANDARD = "gnu++20";
				CLANG_ENABLE_MODULES = YES;
				CLANG_ENABLE_OBJC_ARC = YES;
				CLANG_ENABLE_OBJC_WEAK = YES;
				CLANG_WARN_BLOCK_CAPTURE_AUTORELEASING = YES;
				CLANG_WARN_BOOL_CONVERSION = YES;
				CLANG_WARN_COMMA = YES;
				CLANG_WARN_CONSTANT_CONVERSION = YES;
				CLANG_WARN_DEPRECATED_OBJC_IMPLEMENTATIONS = YES;
				CLANG_WARN_DIRECT_OBJC_ISA_USAGE = YES_ERROR;
				CLANG_WARN_DOCUMENTATION_COMMENTS = YES;
				CLANG_WARN_EMPTY_BODY = YES;
				CLANG_WARN_ENUM_CONVERSION = YES;
				CLANG_WARN_INFINITE_RECURSION = YES;
				CLANG_WARN_INT_CONVERSION = YES;
				CLANG_WARN_NON_LITERAL_NULL_CONVERSION = YES;
				CLANG_WARN_OBJC_IMPLICIT_RETAIN_SELF = YES;
				CLANG_WARN_OBJC_LITERAL_CONVERSION = YES;
				CLANG_WARN_OBJC_ROOT_CLASS = YES_ERROR;
				CLANG_WARN_QUOTED_INCLUDE_IN_FRAMEWORK_HEADER = YES;
				CLANG_WARN_RANGE_LOOP_ANALYSIS = YES;
				CLANG_WARN_STRICT_PROTOTYPES = YES;
				CLANG_WARN_SUSPICIOUS_MOVE = YES;
				CLANG_WARN_UNGUARDED_AVAILABILITY = YES_AGGRESSIVE;
				CLANG_WARN_UNREACHABLE_CODE = YES;
				CLANG_WARN__DUPLICATE_METHOD_MATCH = YES;
				COPY_PHASE_STRIP = NO;
				DEBUG_INFORMATION_FORMAT = "dwarf-with-dsym";
				ENABLE_NS_ASSERTIONS = NO;
				ENABLE_STRICT_OBJC_MSGSEND = YES;
				ENABLE_USER_SCRIPT_SANDBOXING = YES;
				GCC_C_LANGUAGE_STANDARD = gnu17;
				GCC_NO_COMMON_BLOCKS = YES;
				GCC_WARN_64_TO_32_BIT_CONVERSION = YES;
				GCC_WARN_ABOUT_RETURN_TYPE = YES_ERROR;
				GCC_WARN_UNDECLARED_SELECTOR = YES;
				GCC_WARN_UNINITIALIZED_AUTOS = YES_AGGRESSIVE;
				GCC_WARN_UNUSED_FUNCTION = YES;
				GCC_WARN_UNUSED_VARIABLE = YES;
				IPHONEOS_DEPLOYMENT_TARGET = 13.0;
				LOCALIZATION_PREFERS_STRING_CATALOGS = YES;
				MTL_ENABLE_DEBUG_INFO = NO;
				MTL_FAST_MATH = YES;
				SDKROOT = iphoneos;
				SWIFT_COMPILATION_MODE = wholemodule;
				SWIFT_OBJC_BRIDGING_HEADER = "";
				VALIDATE_PRODUCT = YES;
				VERSION = 1.0.0;
			};
			name = Release;
		};
		52E0F4E82B837FAE006E8826 /* Debug */ = {
			isa = XCBuildConfiguration;
			buildSettings = {
				ASSETCATALOG_COMPILER_APPICON_NAME = AppIcon;
				ASSETCATALOG_COMPILER_GLOBAL_ACCENT_COLOR_NAME = AccentColor;
				CODE_SIGN_STYLE = Automatic;
				CURRENT_PROJECT_VERSION = 1;
				DEVELOPMENT_TEAM = EL8TZV5FP2;
				ENABLE_USER_SCRIPT_SANDBOXING = YES;
				GENERATE_INFOPLIST_FILE = YES;
				INFOPLIST_FILE = SDKConsumer/Info.plist;
				INFOPLIST_KEY_CFBundleDisplayName = "CUE Lights";
				INFOPLIST_KEY_LSApplicationCategoryType = "public.app-category.entertainment";
				INFOPLIST_KEY_NSCameraUsageDescription = "So you can participate in the show and take photos simultaneously";
				INFOPLIST_KEY_NSMicrophoneUsageDescription = "We just want to sync to the music!";
				INFOPLIST_KEY_NSPhotoLibraryAddUsageDescription = "To save photos of the event!";
				INFOPLIST_KEY_NSPhotoLibraryUsageDescription = "To save photos of the event!";
				INFOPLIST_KEY_UIApplicationSupportsIndirectInputEvents = YES;
				INFOPLIST_KEY_UILaunchStoryboardName = LaunchScreen;
				INFOPLIST_KEY_UIMainStoryboardFile = Main;
				INFOPLIST_KEY_UISupportedInterfaceOrientations = "UIInterfaceOrientationLandscapeLeft UIInterfaceOrientationLandscapeRight UIInterfaceOrientationPortrait UIInterfaceOrientationPortraitUpsideDown";
				IPHONEOS_DEPLOYMENT_TARGET = 13.0;
				LD_RUNPATH_SEARCH_PATHS = (
					"$(inherited)",
					"@executable_path/Frameworks",
				);
				MARKETING_VERSION = 1.0;
				PRODUCT_BUNDLE_IDENTIFIER = com.cueaudio.cuelights;
				PRODUCT_NAME = "$(TARGET_NAME)";
				SWIFT_EMIT_LOC_STRINGS = YES;
				SWIFT_VERSION = 5.0;
				TARGETED_DEVICE_FAMILY = "1,2";
				VERSION = test;
			};
			name = Debug;
		};
		52E0F4E92B837FAE006E8826 /* Release */ = {
			isa = XCBuildConfiguration;
			buildSettings = {
				ASSETCATALOG_COMPILER_APPICON_NAME = AppIcon;
				ASSETCATALOG_COMPILER_GLOBAL_ACCENT_COLOR_NAME = AccentColor;
				CODE_SIGN_STYLE = Automatic;
				CURRENT_PROJECT_VERSION = 1;
				DEVELOPMENT_TEAM = EL8TZV5FP2;
				ENABLE_USER_SCRIPT_SANDBOXING = YES;
				GENERATE_INFOPLIST_FILE = YES;
				INFOPLIST_FILE = SDKConsumer/Info.plist;
				INFOPLIST_KEY_CFBundleDisplayName = "CUE Lights";
				INFOPLIST_KEY_LSApplicationCategoryType = "public.app-category.entertainment";
				INFOPLIST_KEY_NSCameraUsageDescription = "So you can participate in the show and take photos simultaneously";
				INFOPLIST_KEY_NSMicrophoneUsageDescription = "We just want to sync to the music!";
				INFOPLIST_KEY_NSPhotoLibraryAddUsageDescription = "To save photos of the event!";
				INFOPLIST_KEY_NSPhotoLibraryUsageDescription = "To save photos of the event!";
				INFOPLIST_KEY_UIApplicationSupportsIndirectInputEvents = YES;
				INFOPLIST_KEY_UILaunchStoryboardName = LaunchScreen;
				INFOPLIST_KEY_UIMainStoryboardFile = Main;
				INFOPLIST_KEY_UISupportedInterfaceOrientations = "UIInterfaceOrientationLandscapeLeft UIInterfaceOrientationLandscapeRight UIInterfaceOrientationPortrait UIInterfaceOrientationPortraitUpsideDown";
				IPHONEOS_DEPLOYMENT_TARGET = 13.0;
				LD_RUNPATH_SEARCH_PATHS = (
					"$(inherited)",
					"@executable_path/Frameworks",
				);
				MARKETING_VERSION = 1.0;
				PRODUCT_BUNDLE_IDENTIFIER = com.cueaudio.cuelights;
				PRODUCT_NAME = "$(TARGET_NAME)";
				SWIFT_EMIT_LOC_STRINGS = YES;
				SWIFT_VERSION = 5.0;
				TARGETED_DEVICE_FAMILY = "1,2";
				VERSION = test;
			};
			name = Release;
		};
/* End XCBuildConfiguration section */

/* Begin XCConfigurationList section */
		52E0F4CE2B837FA8006E8826 /* Build configuration list for PBXProject "SDKConsumer" */ = {
			isa = XCConfigurationList;
			buildConfigurations = (
				52E0F4E52B837FAE006E8826 /* Debug */,
				52E0F4E62B837FAE006E8826 /* Release */,
			);
			defaultConfigurationIsVisible = 0;
			defaultConfigurationName = Release;
		};
		52E0F4E72B837FAE006E8826 /* Build configuration list for PBXNativeTarget "SDKConsumer" */ = {
			isa = XCConfigurationList;
			buildConfigurations = (
				52E0F4E82B837FAE006E8826 /* Debug */,
				52E0F4E92B837FAE006E8826 /* Release */,
			);
			defaultConfigurationIsVisible = 0;
			defaultConfigurationName = Release;
		};
/* End XCConfigurationList section */
	};
	rootObject = 52E0F4CB2B837FA8006E8826 /* Project object */;
}
